
Microsoft Visual Studio Solution File, Format Version 12.00
# Visual Studio Version 17
VisualStudioVersion = 17.11.35327.3
MinimumVisualStudioVersion = 10.0.40219.1
Project("{FAE04EC0-301F-11D3-BF4B-00C04F79EFBC}") = "EFGetStarted", "EFGetStarted.csproj", "{53656576-FFDC-4518-AECD-C8225A0F5FF0}"
EndProject
Global
	GlobalSection(SolutionConfigurationPlatforms) = preSolution
		Debug|Any CPU = Debug|Any CPU
		Release|Any CPU = Release|Any CPU
	EndGlobalSection
	GlobalSection(ProjectConfigurationPlatforms) = postSolution
		{53656576-FFDC-4518-AECD-C8225A0F5FF0}.Debug|Any CPU.ActiveCfg = Debug|Any CPU
		{53656576-FFDC-4518-AECD-C8225A0F5FF0}.Debug|Any CPU.Build.0 = Debug|Any CPU
		{53656576-FFDC-4518-AECD-C8225A0F5FF0}.Release|Any CPU.ActiveCfg = Release|Any CPU
		{53656576-FFDC-4518-AECD-C8225A0F5FF0}.Release|Any CPU.Build.0 = Release|Any CPU
	EndGlobalSection
	GlobalSection(SolutionProperties) = preSolution
		HideSolutionNode = FALSE
	EndGlobalSection
	GlobalSection(ExtensibilityGlobals) = postSolution
		SolutionGuid = {3DE1A51A-8124-413B-870A-E434B66AAB3F}
	EndGlobalSection
EndGlobal
